
Microsoft Visual Studio Solution File, Format Version 12.00
# Visual Studio Version 17
VisualStudioVersion = 17.11.35222.181
MinimumVisualStudioVersion = 10.0.40219.1
Project("{8BC9CEB8-8B4A-11D0-8D11-00A0C91BC942}") = "AP_Lab№5.5", "AP_Lab№5.5\AP_Lab№5.5.vcxproj", "{B2BA2DFC-382C-4F4E-8D6B-3EB27B208B83}"
EndProject
Project("{8BC9CEB8-8B4A-11D0-8D11-00A0C91BC942}") = "UnitTest1", "UnitTest1\UnitTest1.vcxproj", "{8E294A54-9070-451C-B295-81AE6628DAB2}"
EndProject
Global
	GlobalSection(SolutionConfigurationPlatforms) = preSolution
		Debug|x64 = Debug|x64
		Debug|x86 = Debug|x86
		Release|x64 = Release|x64
		Release|x86 = Release|x86
	EndGlobalSection
	GlobalSection(ProjectConfigurationPlatforms) = postSolution
		{B2BA2DFC-382C-4F4E-8D6B-3EB27B208B83}.Debug|x64.ActiveCfg = Debug|x64
		{B2BA2DFC-382C-4F4E-8D6B-3EB27B208B83}.Debug|x64.Build.0 = Debug|x64
		{B2BA2DFC-382C-4F4E-8D6B-3EB27B208B83}.Debug|x86.ActiveCfg = Debug|Win32
		{B2BA2DFC-382C-4F4E-8D6B-3EB27B208B83}.Debug|x86.Build.0 = Debug|Win32
		{B2BA2DFC-382C-4F4E-8D6B-3EB27B208B83}.Release|x64.ActiveCfg = Release|x64
		{B2BA2DFC-382C-4F4E-8D6B-3EB27B208B83}.Release|x64.Build.0 = Release|x64
		{B2BA2DFC-382C-4F4E-8D6B-3EB27B208B83}.Release|x86.ActiveCfg = Release|Win32
		{B2BA2DFC-382C-4F4E-8D6B-3EB27B208B83}.Release|x86.Build.0 = Release|Win32
		{8E294A54-9070-451C-B295-81AE6628DAB2}.Debug|x64.ActiveCfg = Debug|x64
		{8E294A54-9070-451C-B295-81AE6628DAB2}.Debug|x64.Build.0 = Debug|x64
		{8E294A54-9070-451C-B295-81AE6628DAB2}.Debug|x86.ActiveCfg = Debug|Win32
		{8E294A54-9070-451C-B295-81AE6628DAB2}.Debug|x86.Build.0 = Debug|Win32
		{8E294A54-9070-451C-B295-81AE6628DAB2}.Release|x64.ActiveCfg = Release|x64
		{8E294A54-9070-451C-B295-81AE6628DAB2}.Release|x64.Build.0 = Release|x64
		{8E294A54-9070-451C-B295-81AE6628DAB2}.Release|x86.ActiveCfg = Release|Win32
		{8E294A54-9070-451C-B295-81AE6628DAB2}.Release|x86.Build.0 = Release|Win32
	EndGlobalSection
	GlobalSection(SolutionProperties) = preSolution
		HideSolutionNode = FALSE
	EndGlobalSection
	GlobalSection(ExtensibilityGlobals) = postSolution
		SolutionGuid = {1791EA9D-5098-48E6-8CEB-7E0E9CDEACFD}
	EndGlobalSection
EndGlobal
